
Microsoft Visual Studio Solution File, Format Version 12.00
# Visual Studio 2013
VisualStudioVersion = 12.0.30110.0
MinimumVisualStudioVersion = 10.0.40219.1
Project("{FAE04EC0-301F-11D3-BF4B-00C04F79EFBC}") = "EfTraining", "EfTraining\EfTraining.csproj", "{E3C44A61-76AB-478E-BF9C-F363157DDA84}"
EndProject
Project("{FAE04EC0-301F-11D3-BF4B-00C04F79EFBC}") = "EfTraining.UnitTests", "EfTraining.UnitTests\EfTraining.UnitTests.csproj", "{EF195D05-A585-452B-ACA8-0FF1C13F3EF4}"
EndProject
Project("{FAE04EC0-301F-11D3-BF4B-00C04F79EFBC}") = "EfTraining.BusinessComponents", "EfTraining.BusinessComponents\EfTraining.BusinessComponents.csproj", "{53D08AED-751C-414B-83EB-5498CE32D48C}"
EndProject
Project("{FAE04EC0-301F-11D3-BF4B-00C04F79EFBC}") = "EfTraining.Infrastructure", "EfTraining.Infrastructure\EfTraining.Infrastructure.csproj", "{B6379E6B-C181-4450-A901-360BC8E34E9E}"
EndProject
Global
	GlobalSection(SolutionConfigurationPlatforms) = preSolution
		Debug|Any CPU = Debug|Any CPU
		Release|Any CPU = Release|Any CPU
	EndGlobalSection
	GlobalSection(ProjectConfigurationPlatforms) = postSolution
		{E3C44A61-76AB-478E-BF9C-F363157DDA84}.Debug|Any CPU.ActiveCfg = Debug|Any CPU
		{E3C44A61-76AB-478E-BF9C-F363157DDA84}.Debug|Any CPU.Build.0 = Debug|Any CPU
		{E3C44A61-76AB-478E-BF9C-F363157DDA84}.Release|Any CPU.ActiveCfg = Release|Any CPU
		{E3C44A61-76AB-478E-BF9C-F363157DDA84}.Release|Any CPU.Build.0 = Release|Any CPU
		{EF195D05-A585-452B-ACA8-0FF1C13F3EF4}.Debug|Any CPU.ActiveCfg = Debug|Any CPU
		{EF195D05-A585-452B-ACA8-0FF1C13F3EF4}.Debug|Any CPU.Build.0 = Debug|Any CPU
		{EF195D05-A585-452B-ACA8-0FF1C13F3EF4}.Release|Any CPU.ActiveCfg = Release|Any CPU
		{EF195D05-A585-452B-ACA8-0FF1C13F3EF4}.Release|Any CPU.Build.0 = Release|Any CPU
		{53D08AED-751C-414B-83EB-5498CE32D48C}.Debug|Any CPU.ActiveCfg = Debug|Any CPU
		{53D08AED-751C-414B-83EB-5498CE32D48C}.Debug|Any CPU.Build.0 = Debug|Any CPU
		{53D08AED-751C-414B-83EB-5498CE32D48C}.Release|Any CPU.ActiveCfg = Release|Any CPU
		{53D08AED-751C-414B-83EB-5498CE32D48C}.Release|Any CPU.Build.0 = Release|Any CPU
		{B6379E6B-C181-4450-A901-360BC8E34E9E}.Debug|Any CPU.ActiveCfg = Debug|Any CPU
		{B6379E6B-C181-4450-A901-360BC8E34E9E}.Debug|Any CPU.Build.0 = Debug|Any CPU
		{B6379E6B-C181-4450-A901-360BC8E34E9E}.Release|Any CPU.ActiveCfg = Release|Any CPU
		{B6379E6B-C181-4450-A901-360BC8E34E9E}.Release|Any CPU.Build.0 = Release|Any CPU
	EndGlobalSection
	GlobalSection(SolutionProperties) = preSolution
		HideSolutionNode = FALSE
	EndGlobalSection
EndGlobal
